// !$*UTF8*$!
{
	archiveVersion = 1;
	classes = {
	};
	objectVersion = 56;
	objects = {

/* Begin PBXBuildFile section */
		67058FB42B3DA3BC00B9B51D /* StoryUI in Frameworks */ = {isa = PBXBuildFile; productRef = 67058FB32B3DA3BC00B9B51D /* StoryUI */; };
		675373522B38EEBB00DBEA88 /* denemeView.swift in Sources */ = {isa = PBXBuildFile; fileRef = 675373512B38EEBB00DBEA88 /* denemeView.swift */; };
		675373542B38F18100DBEA88 /* ChatViewModel.swift in Sources */ = {isa = PBXBuildFile; fileRef = 675373532B38F18100DBEA88 /* ChatViewModel.swift */; };
		676CC8AF2B30DF1100344782 /* CustomFields.swift in Sources */ = {isa = PBXBuildFile; fileRef = 676CC8AE2B30DF1100344782 /* CustomFields.swift */; };
		676CC8B12B30E5C700344782 /* shuffleView.swift in Sources */ = {isa = PBXBuildFile; fileRef = 676CC8B02B30E5C700344782 /* shuffleView.swift */; };
		676CC8B32B30FB6800344782 /* messageView.swift in Sources */ = {isa = PBXBuildFile; fileRef = 676CC8B22B30FB6800344782 /* messageView.swift */; };
		677FA31B2B42357700E5F9ED /* recentMessagesView.swift in Sources */ = {isa = PBXBuildFile; fileRef = 677FA31A2B42357700E5F9ED /* recentMessagesView.swift */; };
		67C13C5C2B2F6E1A001779E3 /* ConnonymApp.swift in Sources */ = {isa = PBXBuildFile; fileRef = 67C13C5B2B2F6E1A001779E3 /* ConnonymApp.swift */; };
		67C13C5E2B2F6E1A001779E3 /* ContentView.swift in Sources */ = {isa = PBXBuildFile; fileRef = 67C13C5D2B2F6E1A001779E3 /* ContentView.swift */; };
		67C13C602B2F6E1B001779E3 /* Assets.xcassets in Resources */ = {isa = PBXBuildFile; fileRef = 67C13C5F2B2F6E1B001779E3 /* Assets.xcassets */; };
		67C13C642B2F6E1B001779E3 /* Preview Assets.xcassets in Resources */ = {isa = PBXBuildFile; fileRef = 67C13C632B2F6E1B001779E3 /* Preview Assets.xcassets */; };
		67C13C6C2B2F6E44001779E3 /* profileView.swift in Sources */ = {isa = PBXBuildFile; fileRef = 67C13C6B2B2F6E44001779E3 /* profileView.swift */; };
		67C13C6E2B2F78B2001779E3 /* GoogleService-Info.plist in Resources */ = {isa = PBXBuildFile; fileRef = 67C13C6D2B2F78B1001779E3 /* GoogleService-Info.plist */; };
		67C13C7D2B2F78FD001779E3 /* FirebaseAuth in Frameworks */ = {isa = PBXBuildFile; productRef = 67C13C7C2B2F78FD001779E3 /* FirebaseAuth */; };
		67C13C7F2B2F78FD001779E3 /* FirebaseAuthCombine-Community in Frameworks */ = {isa = PBXBuildFile; productRef = 67C13C7E2B2F78FD001779E3 /* FirebaseAuthCombine-Community */; };
		67C13C832B2F78FD001779E3 /* FirebaseDatabase in Frameworks */ = {isa = PBXBuildFile; productRef = 67C13C822B2F78FD001779E3 /* FirebaseDatabase */; };
		67C13C852B2F78FD001779E3 /* FirebaseDatabaseSwift in Frameworks */ = {isa = PBXBuildFile; productRef = 67C13C842B2F78FD001779E3 /* FirebaseDatabaseSwift */; };
		67C13C882B2F7946001779E3 /* FirebaseFirestore in Frameworks */ = {isa = PBXBuildFile; productRef = 67C13C872B2F7946001779E3 /* FirebaseFirestore */; };
		67C13C8A2B2F7946001779E3 /* FirebaseFirestoreCombine-Community in Frameworks */ = {isa = PBXBuildFile; productRef = 67C13C892B2F7946001779E3 /* FirebaseFirestoreCombine-Community */; };
		67C13C8C2B2F7946001779E3 /* FirebaseFirestoreSwift in Frameworks */ = {isa = PBXBuildFile; productRef = 67C13C8B2B2F7946001779E3 /* FirebaseFirestoreSwift */; };
		67C13C8E2B2F794E001779E3 /* FirebaseStorage in Frameworks */ = {isa = PBXBuildFile; productRef = 67C13C8D2B2F794E001779E3 /* FirebaseStorage */; };
		67C13C902B2F794E001779E3 /* FirebaseStorageCombine-Community in Frameworks */ = {isa = PBXBuildFile; productRef = 67C13C8F2B2F794E001779E3 /* FirebaseStorageCombine-Community */; };
		67C13C922B2F79D4001779E3 /* registerView.swift in Sources */ = {isa = PBXBuildFile; fileRef = 67C13C912B2F79D4001779E3 /* registerView.swift */; };
		67C13C942B2F79D9001779E3 /* loginView.swift in Sources */ = {isa = PBXBuildFile; fileRef = 67C13C932B2F79D9001779E3 /* loginView.swift */; };
		67C13C972B2F79F4001779E3 /* AuthViewModel.swift in Sources */ = {isa = PBXBuildFile; fileRef = 67C13C962B2F79F4001779E3 /* AuthViewModel.swift */; };
		67C13C992B2F807B001779E3 /* ImagePicker .swift in Sources */ = {isa = PBXBuildFile; fileRef = 67C13C982B2F807B001779E3 /* ImagePicker .swift */; };
		67C13C9D2B2F89F8001779E3 /* SDWebImage in Frameworks */ = {isa = PBXBuildFile; productRef = 67C13C9C2B2F89F8001779E3 /* SDWebImage */; };
		67C13C9F2B2F89F8001779E3 /* SDWebImageMapKit in Frameworks */ = {isa = PBXBuildFile; productRef = 67C13C9E2B2F89F8001779E3 /* SDWebImageMapKit */; };
		67C13CA22B2F8A2F001779E3 /* SDWebImageSwiftUI in Frameworks */ = {isa = PBXBuildFile; productRef = 67C13CA12B2F8A2F001779E3 /* SDWebImageSwiftUI */; };
/* End PBXBuildFile section */

/* Begin PBXFileReference section */
		675373512B38EEBB00DBEA88 /* denemeView.swift */ = {isa = PBXFileReference; lastKnownFileType = sourcecode.swift; path = denemeView.swift; sourceTree = "<group>"; };
		675373532B38F18100DBEA88 /* ChatViewModel.swift */ = {isa = PBXFileReference; lastKnownFileType = sourcecode.swift; path = ChatViewModel.swift; sourceTree = "<group>"; };
		676CC8AE2B30DF1100344782 /* CustomFields.swift */ = {isa = PBXFileReference; lastKnownFileType = sourcecode.swift; path = CustomFields.swift; sourceTree = "<group>"; };
		676CC8B02B30E5C700344782 /* shuffleView.swift */ = {isa = PBXFileReference; lastKnownFileType = sourcecode.swift; path = shuffleView.swift; sourceTree = "<group>"; };
		676CC8B22B30FB6800344782 /* messageView.swift */ = {isa = PBXFileReference; lastKnownFileType = sourcecode.swift; path = messageView.swift; sourceTree = "<group>"; };
		677FA31A2B42357700E5F9ED /* recentMessagesView.swift */ = {isa = PBXFileReference; lastKnownFileType = sourcecode.swift; path = recentMessagesView.swift; sourceTree = "<group>"; };
		67C13C582B2F6E1A001779E3 /* Connonym.app */ = {isa = PBXFileReference; explicitFileType = wrapper.application; includeInIndex = 0; path = Connonym.app; sourceTree = BUILT_PRODUCTS_DIR; };
		67C13C5B2B2F6E1A001779E3 /* ConnonymApp.swift */ = {isa = PBXFileReference; lastKnownFileType = sourcecode.swift; path = ConnonymApp.swift; sourceTree = "<group>"; };
		67C13C5D2B2F6E1A001779E3 /* ContentView.swift */ = {isa = PBXFileReference; lastKnownFileType = sourcecode.swift; path = ContentView.swift; sourceTree = "<group>"; };
		67C13C5F2B2F6E1B001779E3 /* Assets.xcassets */ = {isa = PBXFileReference; lastKnownFileType = folder.assetcatalog; path = Assets.xcassets; sourceTree = "<group>"; };
		67C13C612B2F6E1B001779E3 /* Connonym.entitlements */ = {isa = PBXFileReference; lastKnownFileType = text.plist.entitlements; path = Connonym.entitlements; sourceTree = "<group>"; };
		67C13C632B2F6E1B001779E3 /* Preview Assets.xcassets */ = {isa = PBXFileReference; lastKnownFileType = folder.assetcatalog; path = "Preview Assets.xcassets"; sourceTree = "<group>"; };
		67C13C6B2B2F6E44001779E3 /* profileView.swift */ = {isa = PBXFileReference; lastKnownFileType = sourcecode.swift; path = profileView.swift; sourceTree = "<group>"; };
		67C13C6D2B2F78B1001779E3 /* GoogleService-Info.plist */ = {isa = PBXFileReference; fileEncoding = 4; lastKnownFileType = text.plist.xml; path = "GoogleService-Info.plist"; sourceTree = "<group>"; };
		67C13C912B2F79D4001779E3 /* registerView.swift */ = {isa = PBXFileReference; lastKnownFileType = sourcecode.swift; path = registerView.swift; sourceTree = "<group>"; };
		67C13C932B2F79D9001779E3 /* loginView.swift */ = {isa = PBXFileReference; lastKnownFileType = sourcecode.swift; path = loginView.swift; sourceTree = "<group>"; };
		67C13C962B2F79F4001779E3 /* AuthViewModel.swift */ = {isa = PBXFileReference; lastKnownFileType = sourcecode.swift; path = AuthViewModel.swift; sourceTree = "<group>"; };
		67C13C982B2F807B001779E3 /* ImagePicker .swift */ = {isa = PBXFileReference; lastKnownFileType = sourcecode.swift; path = "ImagePicker .swift"; sourceTree = "<group>"; };
		67C13C9A2B2F81B0001779E3 /* Info.plist */ = {isa = PBXFileReference; lastKnownFileType = text.plist; path = Info.plist; sourceTree = "<group>"; };
/* End PBXFileReference section */

/* Begin PBXFrameworksBuildPhase section */
		67C13C552B2F6E1A001779E3 /* Frameworks */ = {
			isa = PBXFrameworksBuildPhase;
			buildActionMask = 2147483647;
			files = (
				67C13CA22B2F8A2F001779E3 /* SDWebImageSwiftUI in Frameworks */,
				67058FB42B3DA3BC00B9B51D /* StoryUI in Frameworks */,
				67C13C832B2F78FD001779E3 /* FirebaseDatabase in Frameworks */,
				67C13C7D2B2F78FD001779E3 /* FirebaseAuth in Frameworks */,
				67C13C852B2F78FD001779E3 /* FirebaseDatabaseSwift in Frameworks */,
				67C13C8C2B2F7946001779E3 /* FirebaseFirestoreSwift in Frameworks */,
				67C13C9D2B2F89F8001779E3 /* SDWebImage in Frameworks */,
				67C13C8A2B2F7946001779E3 /* FirebaseFirestoreCombine-Community in Frameworks */,
				67C13C8E2B2F794E001779E3 /* FirebaseStorage in Frameworks */,
				67C13C9F2B2F89F8001779E3 /* SDWebImageMapKit in Frameworks */,
				67C13C882B2F7946001779E3 /* FirebaseFirestore in Frameworks */,
				67C13C902B2F794E001779E3 /* FirebaseStorageCombine-Community in Frameworks */,
				67C13C7F2B2F78FD001779E3 /* FirebaseAuthCombine-Community in Frameworks */,
			);
			runOnlyForDeploymentPostprocessing = 0;
		};
/* End PBXFrameworksBuildPhase section */

/* Begin PBXGroup section */
		676CC8AD2B30DF0200344782 /* Extensions */ = {
			isa = PBXGroup;
			children = (
				67C13C982B2F807B001779E3 /* ImagePicker .swift */,
				676CC8AE2B30DF1100344782 /* CustomFields.swift */,
			);
			path = Extensions;
			sourceTree = "<group>";
		};
		67C13C4F2B2F6E1A001779E3 = {
			isa = PBXGroup;
			children = (
				67C13C6D2B2F78B1001779E3 /* GoogleService-Info.plist */,
				67C13C5A2B2F6E1A001779E3 /* Connonym */,
				67C13C592B2F6E1A001779E3 /* Products */,
				67C13C862B2F7946001779E3 /* Frameworks */,
			);
			sourceTree = "<group>";
		};
		67C13C592B2F6E1A001779E3 /* Products */ = {
			isa = PBXGroup;
			children = (
				67C13C582B2F6E1A001779E3 /* Connonym.app */,
			);
			name = Products;
			sourceTree = "<group>";
		};
		67C13C5A2B2F6E1A001779E3 /* Connonym */ = {
			isa = PBXGroup;
			children = (
				676CC8AD2B30DF0200344782 /* Extensions */,
				67C13C9A2B2F81B0001779E3 /* Info.plist */,
				67C13C952B2F79DB001779E3 /* ViewModels */,
				67C13C6A2B2F6E2C001779E3 /* Views */,
				67C13C5B2B2F6E1A001779E3 /* ConnonymApp.swift */,
				67C13C5D2B2F6E1A001779E3 /* ContentView.swift */,
				67C13C5F2B2F6E1B001779E3 /* Assets.xcassets */,
				67C13C612B2F6E1B001779E3 /* Connonym.entitlements */,
				67C13C622B2F6E1B001779E3 /* Preview Content */,
			);
			path = Connonym;
			sourceTree = "<group>";
		};
		67C13C622B2F6E1B001779E3 /* Preview Content */ = {
			isa = PBXGroup;
			children = (
				67C13C632B2F6E1B001779E3 /* Preview Assets.xcassets */,
			);
			path = "Preview Content";
			sourceTree = "<group>";
		};
		67C13C6A2B2F6E2C001779E3 /* Views */ = {
			isa = PBXGroup;
			children = (
				67C13C6B2B2F6E44001779E3 /* profileView.swift */,
				67C13C912B2F79D4001779E3 /* registerView.swift */,
				67C13C932B2F79D9001779E3 /* loginView.swift */,
				676CC8B02B30E5C700344782 /* shuffleView.swift */,
				676CC8B22B30FB6800344782 /* messageView.swift */,
				675373512B38EEBB00DBEA88 /* denemeView.swift */,
				677FA31A2B42357700E5F9ED /* recentMessagesView.swift */,
			);
			path = Views;
			sourceTree = "<group>";
		};
		67C13C862B2F7946001779E3 /* Frameworks */ = {
			isa = PBXGroup;
			children = (
			);
			name = Frameworks;
			sourceTree = "<group>";
		};
		67C13C952B2F79DB001779E3 /* ViewModels */ = {
			isa = PBXGroup;
			children = (
				67C13C962B2F79F4001779E3 /* AuthViewModel.swift */,
				675373532B38F18100DBEA88 /* ChatViewModel.swift */,
			);
			path = ViewModels;
			sourceTree = "<group>";
		};
/* End PBXGroup section */

/* Begin PBXNativeTarget section */
		67C13C572B2F6E1A001779E3 /* Connonym */ = {
			isa = PBXNativeTarget;
			buildConfigurationList = 67C13C672B2F6E1B001779E3 /* Build configuration list for PBXNativeTarget "Connonym" */;
			buildPhases = (
				67C13C542B2F6E1A001779E3 /* Sources */,
				67C13C552B2F6E1A001779E3 /* Frameworks */,
				67C13C562B2F6E1A001779E3 /* Resources */,
			);
			buildRules = (
			);
			dependencies = (
			);
			name = Connonym;
			packageProductDependencies = (
				67C13C7C2B2F78FD001779E3 /* FirebaseAuth */,
				67C13C7E2B2F78FD001779E3 /* FirebaseAuthCombine-Community */,
				67C13C822B2F78FD001779E3 /* FirebaseDatabase */,
				67C13C842B2F78FD001779E3 /* FirebaseDatabaseSwift */,
				67C13C872B2F7946001779E3 /* FirebaseFirestore */,
				67C13C892B2F7946001779E3 /* FirebaseFirestoreCombine-Community */,
				67C13C8B2B2F7946001779E3 /* FirebaseFirestoreSwift */,
				67C13C8D2B2F794E001779E3 /* FirebaseStorage */,
				67C13C8F2B2F794E001779E3 /* FirebaseStorageCombine-Community */,
				67C13C9C2B2F89F8001779E3 /* SDWebImage */,
				67C13C9E2B2F89F8001779E3 /* SDWebImageMapKit */,
				67C13CA12B2F8A2F001779E3 /* SDWebImageSwiftUI */,
				67058FB32B3DA3BC00B9B51D /* StoryUI */,
			);
			productName = Connonym;
			productReference = 67C13C582B2F6E1A001779E3 /* Connonym.app */;
			productType = "com.apple.product-type.application";
		};
/* End PBXNativeTarget section */

/* Begin PBXProject section */
		67C13C502B2F6E1A001779E3 /* Project object */ = {
			isa = PBXProject;
			attributes = {
				BuildIndependentTargetsInParallel = 1;
				LastSwiftUpdateCheck = 1500;
				LastUpgradeCheck = 1500;
				TargetAttributes = {
					67C13C572B2F6E1A001779E3 = {
						CreatedOnToolsVersion = 15.0.1;
					};
				};
			};
			buildConfigurationList = 67C13C532B2F6E1A001779E3 /* Build configuration list for PBXProject "Connonym" */;
			compatibilityVersion = "Xcode 14.0";
			developmentRegion = en;
			hasScannedForEncodings = 0;
			knownRegions = (
				en,
				Base,
			);
			mainGroup = 67C13C4F2B2F6E1A001779E3;
			packageReferences = (
				67C13C6F2B2F78FD001779E3 /* XCRemoteSwiftPackageReference "firebase-ios-sdk" */,
				67C13C9B2B2F89F8001779E3 /* XCRemoteSwiftPackageReference "SDWebImage" */,
				67C13CA02B2F8A2F001779E3 /* XCRemoteSwiftPackageReference "SDWebImageSwiftUI" */,
				67058FB22B3DA3BC00B9B51D /* XCRemoteSwiftPackageReference "StoryUI" */,
			);
			productRefGroup = 67C13C592B2F6E1A001779E3 /* Products */;
			projectDirPath = "";
			projectRoot = "";
			targets = (
				67C13C572B2F6E1A001779E3 /* Connonym */,
			);
		};
/* End PBXProject section */

/* Begin PBXResourcesBuildPhase section */
		67C13C562B2F6E1A001779E3 /* Resources */ = {
			isa = PBXResourcesBuildPhase;
			buildActionMask = 2147483647;
			files = (
				67C13C642B2F6E1B001779E3 /* Preview Assets.xcassets in Resources */,
				67C13C6E2B2F78B2001779E3 /* GoogleService-Info.plist in Resources */,
				67C13C602B2F6E1B001779E3 /* Assets.xcassets in Resources */,
			);
			runOnlyForDeploymentPostprocessing = 0;
		};
/* End PBXResourcesBuildPhase section */

/* Begin PBXSourcesBuildPhase section */
		67C13C542B2F6E1A001779E3 /* Sources */ = {
			isa = PBXSourcesBuildPhase;
			buildActionMask = 2147483647;
			files = (
				676CC8B12B30E5C700344782 /* shuffleView.swift in Sources */,
				67C13C5E2B2F6E1A001779E3 /* ContentView.swift in Sources */,
				67C13C922B2F79D4001779E3 /* registerView.swift in Sources */,
				67C13C992B2F807B001779E3 /* ImagePicker .swift in Sources */,
				675373522B38EEBB00DBEA88 /* denemeView.swift in Sources */,
				676CC8B32B30FB6800344782 /* messageView.swift in Sources */,
				676CC8AF2B30DF1100344782 /* CustomFields.swift in Sources */,
				67C13C972B2F79F4001779E3 /* AuthViewModel.swift in Sources */,
				67C13C942B2F79D9001779E3 /* loginView.swift in Sources */,
				67C13C5C2B2F6E1A001779E3 /* ConnonymApp.swift in Sources */,
				675373542B38F18100DBEA88 /* ChatViewModel.swift in Sources */,
				67C13C6C2B2F6E44001779E3 /* profileView.swift in Sources */,
				677FA31B2B42357700E5F9ED /* recentMessagesView.swift in Sources */,
			);
			runOnlyForDeploymentPostprocessing = 0;
		};
/* End PBXSourcesBuildPhase section */

/* Begin XCBuildConfiguration section */
		67C13C652B2F6E1B001779E3 /* Debug */ = {
			isa = XCBuildConfiguration;
			buildSettings = {
				ALWAYS_SEARCH_USER_PATHS = NO;
				ASSETCATALOG_COMPILER_GENERATE_SWIFT_ASSET_SYMBOL_EXTENSIONS = YES;
				CLANG_ANALYZER_NONNULL = YES;
				CLANG_ANALYZER_NUMBER_OBJECT_CONVERSION = YES_AGGRESSIVE;
				CLANG_CXX_LANGUAGE_STANDARD = "gnu++20";
				CLANG_ENABLE_MODULES = YES;
				CLANG_ENABLE_OBJC_ARC = YES;
				CLANG_ENABLE_OBJC_WEAK = YES;
				CLANG_WARN_BLOCK_CAPTURE_AUTORELEASING = YES;
				CLANG_WARN_BOOL_CONVERSION = YES;
				CLANG_WARN_COMMA = YES;
				CLANG_WARN_CONSTANT_CONVERSION = YES;
				CLANG_WARN_DEPRECATED_OBJC_IMPLEMENTATIONS = YES;
				CLANG_WARN_DIRECT_OBJC_ISA_USAGE = YES_ERROR;
				CLANG_WARN_DOCUMENTATION_COMMENTS = YES;
				CLANG_WARN_EMPTY_BODY = YES;
				CLANG_WARN_ENUM_CONVERSION = YES;
				CLANG_WARN_INFINITE_RECURSION = YES;
				CLANG_WARN_INT_CONVERSION = YES;
				CLANG_WARN_NON_LITERAL_NULL_CONVERSION = YES;
				CLANG_WARN_OBJC_IMPLICIT_RETAIN_SELF = YES;
				CLANG_WARN_OBJC_LITERAL_CONVERSION = YES;
				CLANG_WARN_OBJC_ROOT_CLASS = YES_ERROR;
				CLANG_WARN_QUOTED_INCLUDE_IN_FRAMEWORK_HEADER = YES;
				CLANG_WARN_RANGE_LOOP_ANALYSIS = YES;
				CLANG_WARN_STRICT_PROTOTYPES = YES;
				CLANG_WARN_SUSPICIOUS_MOVE = YES;
				CLANG_WARN_UNGUARDED_AVAILABILITY = YES_AGGRESSIVE;
				CLANG_WARN_UNREACHABLE_CODE = YES;
				CLANG_WARN__DUPLICATE_METHOD_MATCH = YES;
				COPY_PHASE_STRIP = NO;
				DEBUG_INFORMATION_FORMAT = dwarf;
				ENABLE_STRICT_OBJC_MSGSEND = YES;
				ENABLE_TESTABILITY = YES;
				ENABLE_USER_SCRIPT_SANDBOXING = YES;
				GCC_C_LANGUAGE_STANDARD = gnu17;
				GCC_DYNAMIC_NO_PIC = NO;
				GCC_NO_COMMON_BLOCKS = YES;
				GCC_OPTIMIZATION_LEVEL = 0;
				GCC_PREPROCESSOR_DEFINITIONS = (
					"DEBUG=1",
					"$(inherited)",
				);
				GCC_WARN_64_TO_32_BIT_CONVERSION = YES;
				GCC_WARN_ABOUT_RETURN_TYPE = YES_ERROR;
				GCC_WARN_UNDECLARED_SELECTOR = YES;
				GCC_WARN_UNINITIALIZED_AUTOS = YES_AGGRESSIVE;
				GCC_WARN_UNUSED_FUNCTION = YES;
				GCC_WARN_UNUSED_VARIABLE = YES;
				LOCALIZATION_PREFERS_STRING_CATALOGS = YES;
				MTL_ENABLE_DEBUG_INFO = INCLUDE_SOURCE;
				MTL_FAST_MATH = YES;
				ONLY_ACTIVE_ARCH = YES;
				SWIFT_ACTIVE_COMPILATION_CONDITIONS = "DEBUG $(inherited)";
				SWIFT_OPTIMIZATION_LEVEL = "-Onone";
			};
			name = Debug;
		};
		67C13C662B2F6E1B001779E3 /* Release */ = {
			isa = XCBuildConfiguration;
			buildSettings = {
				ALWAYS_SEARCH_USER_PATHS = NO;
				ASSETCATALOG_COMPILER_GENERATE_SWIFT_ASSET_SYMBOL_EXTENSIONS = YES;
				CLANG_ANALYZER_NONNULL = YES;
				CLANG_ANALYZER_NUMBER_OBJECT_CONVERSION = YES_AGGRESSIVE;
				CLANG_CXX_LANGUAGE_STANDARD = "gnu++20";
				CLANG_ENABLE_MODULES = YES;
				CLANG_ENABLE_OBJC_ARC = YES;
				CLANG_ENABLE_OBJC_WEAK = YES;
				CLANG_WARN_BLOCK_CAPTURE_AUTORELEASING = YES;
				CLANG_WARN_BOOL_CONVERSION = YES;
				CLANG_WARN_COMMA = YES;
				CLANG_WARN_CONSTANT_CONVERSION = YES;
				CLANG_WARN_DEPRECATED_OBJC_IMPLEMENTATIONS = YES;
				CLANG_WARN_DIRECT_OBJC_ISA_USAGE = YES_ERROR;
				CLANG_WARN_DOCUMENTATION_COMMENTS = YES;
				CLANG_WARN_EMPTY_BODY = YES;
				CLANG_WARN_ENUM_CONVERSION = YES;
				CLANG_WARN_INFINITE_RECURSION = YES;
				CLANG_WARN_INT_CONVERSION = YES;
				CLANG_WARN_NON_LITERAL_NULL_CONVERSION = YES;
				CLANG_WARN_OBJC_IMPLICIT_RETAIN_SELF = YES;
				CLANG_WARN_OBJC_LITERAL_CONVERSION = YES;
				CLANG_WARN_OBJC_ROOT_CLASS = YES_ERROR;
				CLANG_WARN_QUOTED_INCLUDE_IN_FRAMEWORK_HEADER = YES;
				CLANG_WARN_RANGE_LOOP_ANALYSIS = YES;
				CLANG_WARN_STRICT_PROTOTYPES = YES;
				CLANG_WARN_SUSPICIOUS_MOVE = YES;
				CLANG_WARN_UNGUARDED_AVAILABILITY = YES_AGGRESSIVE;
				CLANG_WARN_UNREACHABLE_CODE = YES;
				CLANG_WARN__DUPLICATE_METHOD_MATCH = YES;
				COPY_PHASE_STRIP = NO;
				DEBUG_INFORMATION_FORMAT = "dwarf-with-dsym";
				ENABLE_NS_ASSERTIONS = NO;
				ENABLE_STRICT_OBJC_MSGSEND = YES;
				ENABLE_USER_SCRIPT_SANDBOXING = YES;
				GCC_C_LANGUAGE_STANDARD = gnu17;
				GCC_NO_COMMON_BLOCKS = YES;
				GCC_WARN_64_TO_32_BIT_CONVERSION = YES;
				GCC_WARN_ABOUT_RETURN_TYPE = YES_ERROR;
				GCC_WARN_UNDECLARED_SELECTOR = YES;
				GCC_WARN_UNINITIALIZED_AUTOS = YES_AGGRESSIVE;
				GCC_WARN_UNUSED_FUNCTION = YES;
				GCC_WARN_UNUSED_VARIABLE = YES;
				LOCALIZATION_PREFERS_STRING_CATALOGS = YES;
				MTL_ENABLE_DEBUG_INFO = NO;
				MTL_FAST_MATH = YES;
				SWIFT_COMPILATION_MODE = wholemodule;
			};
			name = Release;
		};
		67C13C682B2F6E1B001779E3 /* Debug */ = {
			isa = XCBuildConfiguration;
			buildSettings = {
				ASSETCATALOG_COMPILER_APPICON_NAME = AppIcon;
				ASSETCATALOG_COMPILER_GLOBAL_ACCENT_COLOR_NAME = AccentColor;
				CODE_SIGN_ENTITLEMENTS = Connonym/Connonym.entitlements;
				CODE_SIGN_STYLE = Automatic;
				CURRENT_PROJECT_VERSION = 1;
				DEVELOPMENT_ASSET_PATHS = "\"Connonym/Preview Content\"";
				DEVELOPMENT_TEAM = 659FLGR7LF;
				ENABLE_HARDENED_RUNTIME = YES;
				ENABLE_PREVIEWS = YES;
				GENERATE_INFOPLIST_FILE = YES;
				INFOPLIST_FILE = Connonym/Info.plist;
				INFOPLIST_KEY_NSPhotoLibraryUsageDescription = "";
				"INFOPLIST_KEY_UIApplicationSceneManifest_Generation[sdk=iphoneos*]" = YES;
				"INFOPLIST_KEY_UIApplicationSceneManifest_Generation[sdk=iphonesimulator*]" = YES;
				"INFOPLIST_KEY_UIApplicationSupportsIndirectInputEvents[sdk=iphoneos*]" = YES;
				"INFOPLIST_KEY_UIApplicationSupportsIndirectInputEvents[sdk=iphonesimulator*]" = YES;
				"INFOPLIST_KEY_UILaunchScreen_Generation[sdk=iphoneos*]" = YES;
				"INFOPLIST_KEY_UILaunchScreen_Generation[sdk=iphonesimulator*]" = YES;
				"INFOPLIST_KEY_UIStatusBarStyle[sdk=iphoneos*]" = UIStatusBarStyleDefault;
				"INFOPLIST_KEY_UIStatusBarStyle[sdk=iphonesimulator*]" = UIStatusBarStyleDefault;
				INFOPLIST_KEY_UISupportedInterfaceOrientations_iPad = "UIInterfaceOrientationPortrait UIInterfaceOrientationPortraitUpsideDown UIInterfaceOrientationLandscapeLeft UIInterfaceOrientationLandscapeRight";
				INFOPLIST_KEY_UISupportedInterfaceOrientations_iPhone = "UIInterfaceOrientationPortrait UIInterfaceOrientationLandscapeLeft UIInterfaceOrientationLandscapeRight";
				IPHONEOS_DEPLOYMENT_TARGET = 17.0;
				LD_RUNPATH_SEARCH_PATHS = "@executable_path/Frameworks";
				"LD_RUNPATH_SEARCH_PATHS[sdk=macosx*]" = "@executable_path/../Frameworks";
				MACOSX_DEPLOYMENT_TARGET = 13.5;
				MARKETING_VERSION = 1.0;
				PRODUCT_BUNDLE_IDENTIFIER = com.aos.Connonym;
				PRODUCT_NAME = "$(TARGET_NAME)";
				SDKROOT = auto;
				SUPPORTED_PLATFORMS = "iphoneos iphonesimulator macosx";
				SWIFT_EMIT_LOC_STRINGS = YES;
				SWIFT_VERSION = 5.0;
				TARGETED_DEVICE_FAMILY = "1,2";
			};
			name = Debug;
		};
		67C13C692B2F6E1B001779E3 /* Release */ = {
			isa = XCBuildConfiguration;
			buildSettings = {
				ASSETCATALOG_COMPILER_APPICON_NAME = AppIcon;
				ASSETCATALOG_COMPILER_GLOBAL_ACCENT_COLOR_NAME = AccentColor;
				CODE_SIGN_ENTITLEMENTS = Connonym/Connonym.entitlements;
				CODE_SIGN_STYLE = Automatic;
				CURRENT_PROJECT_VERSION = 1;
				DEVELOPMENT_ASSET_PATHS = "\"Connonym/Preview Content\"";
				DEVELOPMENT_TEAM = 659FLGR7LF;
				ENABLE_HARDENED_RUNTIME = YES;
				ENABLE_PREVIEWS = YES;
				GENERATE_INFOPLIST_FILE = YES;
				INFOPLIST_FILE = Connonym/Info.plist;
				INFOPLIST_KEY_NSPhotoLibraryUsageDescription = "";
				"INFOPLIST_KEY_UIApplicationSceneManifest_Generation[sdk=iphoneos*]" = YES;
				"INFOPLIST_KEY_UIApplicationSceneManifest_Generation[sdk=iphonesimulator*]" = YES;
				"INFOPLIST_KEY_UIApplicationSupportsIndirectInputEvents[sdk=iphoneos*]" = YES;
				"INFOPLIST_KEY_UIApplicationSupportsIndirectInputEvents[sdk=iphonesimulator*]" = YES;
				"INFOPLIST_KEY_UILaunchScreen_Generation[sdk=iphoneos*]" = YES;
				"INFOPLIST_KEY_UILaunchScreen_Generation[sdk=iphonesimulator*]" = YES;
				"INFOPLIST_KEY_UIStatusBarStyle[sdk=iphoneos*]" = UIStatusBarStyleDefault;
				"INFOPLIST_KEY_UIStatusBarStyle[sdk=iphonesimulator*]" = UIStatusBarStyleDefault;
				INFOPLIST_KEY_UISupportedInterfaceOrientations_iPad = "UIInterfaceOrientationPortrait UIInterfaceOrientationPortraitUpsideDown UIInterfaceOrientationLandscapeLeft UIInterfaceOrientationLandscapeRight";
				INFOPLIST_KEY_UISupportedInterfaceOrientations_iPhone = "UIInterfaceOrientationPortrait UIInterfaceOrientationLandscapeLeft UIInterfaceOrientationLandscapeRight";
				IPHONEOS_DEPLOYMENT_TARGET = 17.0;
				LD_RUNPATH_SEARCH_PATHS = "@executable_path/Frameworks";
				"LD_RUNPATH_SEARCH_PATHS[sdk=macosx*]" = "@executable_path/../Frameworks";
				MACOSX_DEPLOYMENT_TARGET = 13.5;
				MARKETING_VERSION = 1.0;
				PRODUCT_BUNDLE_IDENTIFIER = com.aos.Connonym;
				PRODUCT_NAME = "$(TARGET_NAME)";
				SDKROOT = auto;
				SUPPORTED_PLATFORMS = "iphoneos iphonesimulator macosx";
				SWIFT_EMIT_LOC_STRINGS = YES;
				SWIFT_VERSION = 5.0;
				TARGETED_DEVICE_FAMILY = "1,2";
			};
			name = Release;
		};
/* End XCBuildConfiguration section */

/* Begin XCConfigurationList section */
		67C13C532B2F6E1A001779E3 /* Build configuration list for PBXProject "Connonym" */ = {
			isa = XCConfigurationList;
			buildConfigurations = (
				67C13C652B2F6E1B001779E3 /* Debug */,
				67C13C662B2F6E1B001779E3 /* Release */,
			);
			defaultConfigurationIsVisible = 0;
			defaultConfigurationName = Release;
		};
		67C13C672B2F6E1B001779E3 /* Build configuration list for PBXNativeTarget "Connonym" */ = {
			isa = XCConfigurationList;
			buildConfigurations = (
				67C13C682B2F6E1B001779E3 /* Debug */,
				67C13C692B2F6E1B001779E3 /* Release */,
			);
			defaultConfigurationIsVisible = 0;
			defaultConfigurationName = Release;
		};
/* End XCConfigurationList section */

/* Begin XCRemoteSwiftPackageReference section */
		67058FB22B3DA3BC00B9B51D /* XCRemoteSwiftPackageReference "StoryUI" */ = {
			isa = XCRemoteSwiftPackageReference;
			repositoryURL = "https://github.com/tiskender2/StoryUI.git";
			requirement = {
				kind = upToNextMajorVersion;
				minimumVersion = 1.5.3;
			};
		};
		67C13C6F2B2F78FD001779E3 /* XCRemoteSwiftPackageReference "firebase-ios-sdk" */ = {
			isa = XCRemoteSwiftPackageReference;
			repositoryURL = "https://github.com/firebase/firebase-ios-sdk.git";
			requirement = {
				kind = upToNextMajorVersion;
				minimumVersion = 10.19.1;
			};
		};
		67C13C9B2B2F89F8001779E3 /* XCRemoteSwiftPackageReference "SDWebImage" */ = {
			isa = XCRemoteSwiftPackageReference;
			repositoryURL = "https://github.com/SDWebImage/SDWebImage.git";
			requirement = {
				kind = upToNextMajorVersion;
				minimumVersion = 5.18.7;
			};
		};
		67C13CA02B2F8A2F001779E3 /* XCRemoteSwiftPackageReference "SDWebImageSwiftUI" */ = {
			isa = XCRemoteSwiftPackageReference;
			repositoryURL = "https://github.com/SDWebImage/SDWebImageSwiftUI.git";
			requirement = {
				kind = upToNextMajorVersion;
				minimumVersion = 2.2.6;
			};
		};
/* End XCRemoteSwiftPackageReference section */

/* Begin XCSwiftPackageProductDependency section */
		67058FB32B3DA3BC00B9B51D /* StoryUI */ = {
			isa = XCSwiftPackageProductDependency;
			package = 67058FB22B3DA3BC00B9B51D /* XCRemoteSwiftPackageReference "StoryUI" */;
			productName = StoryUI;
		};
		67C13C7C2B2F78FD001779E3 /* FirebaseAuth */ = {
			isa = XCSwiftPackageProductDependency;
			package = 67C13C6F2B2F78FD001779E3 /* XCRemoteSwiftPackageReference "firebase-ios-sdk" */;
			productName = FirebaseAuth;
		};
		67C13C7E2B2F78FD001779E3 /* FirebaseAuthCombine-Community */ = {
			isa = XCSwiftPackageProductDependency;
			package = 67C13C6F2B2F78FD001779E3 /* XCRemoteSwiftPackageReference "firebase-ios-sdk" */;
			productName = "FirebaseAuthCombine-Community";
		};
		67C13C822B2F78FD001779E3 /* FirebaseDatabase */ = {
			isa = XCSwiftPackageProductDependency;
			package = 67C13C6F2B2F78FD001779E3 /* XCRemoteSwiftPackageReference "firebase-ios-sdk" */;
			productName = FirebaseDatabase;
		};
		67C13C842B2F78FD001779E3 /* FirebaseDatabaseSwift */ = {
			isa = XCSwiftPackageProductDependency;
			package = 67C13C6F2B2F78FD001779E3 /* XCRemoteSwiftPackageReference "firebase-ios-sdk" */;
			productName = FirebaseDatabaseSwift;
		};
		67C13C872B2F7946001779E3 /* FirebaseFirestore */ = {
			isa = XCSwiftPackageProductDependency;
			package = 67C13C6F2B2F78FD001779E3 /* XCRemoteSwiftPackageReference "firebase-ios-sdk" */;
			productName = FirebaseFirestore;
		};
		67C13C892B2F7946001779E3 /* FirebaseFirestoreCombine-Community */ = {
			isa = XCSwiftPackageProductDependency;
			package = 67C13C6F2B2F78FD001779E3 /* XCRemoteSwiftPackageReference "firebase-ios-sdk" */;
			productName = "FirebaseFirestoreCombine-Community";
		};
		67C13C8B2B2F7946001779E3 /* FirebaseFirestoreSwift */ = {
			isa = XCSwiftPackageProductDependency;
			package = 67C13C6F2B2F78FD001779E3 /* XCRemoteSwiftPackageReference "firebase-ios-sdk" */;
			productName = FirebaseFirestoreSwift;
		};
		67C13C8D2B2F794E001779E3 /* FirebaseStorage */ = {
			isa = XCSwiftPackageProductDependency;
			package = 67C13C6F2B2F78FD001779E3 /* XCRemoteSwiftPackageReference "firebase-ios-sdk" */;
			productName = FirebaseStorage;
		};
		67C13C8F2B2F794E001779E3 /* FirebaseStorageCombine-Community */ = {
			isa = XCSwiftPackageProductDependency;
			package = 67C13C6F2B2F78FD001779E3 /* XCRemoteSwiftPackageReference "firebase-ios-sdk" */;
			productName = "FirebaseStorageCombine-Community";
		};
		67C13C9C2B2F89F8001779E3 /* SDWebImage */ = {
			isa = XCSwiftPackageProductDependency;
			package = 67C13C9B2B2F89F8001779E3 /* XCRemoteSwiftPackageReference "SDWebImage" */;
			productName = SDWebImage;
		};
		67C13C9E2B2F89F8001779E3 /* SDWebImageMapKit */ = {
			isa = XCSwiftPackageProductDependency;
			package = 67C13C9B2B2F89F8001779E3 /* XCRemoteSwiftPackageReference "SDWebImage" */;
			productName = SDWebImageMapKit;
		};
		67C13CA12B2F8A2F001779E3 /* SDWebImageSwiftUI */ = {
			isa = XCSwiftPackageProductDependency;
			package = 67C13CA02B2F8A2F001779E3 /* XCRemoteSwiftPackageReference "SDWebImageSwiftUI" */;
			productName = SDWebImageSwiftUI;
		};
/* End XCSwiftPackageProductDependency section */
	};
	rootObject = 67C13C502B2F6E1A001779E3 /* Project object */;
}
